
Microsoft Visual Studio Solution File, Format Version 12.00
# Visual Studio Version 16
VisualStudioVersion = 16.0.30114.105
MinimumVisualStudioVersion = 10.0.40219.1
Project("{2150E333-8FDC-42A3-9474-1A3956D46DE8}") = "src", "src", "{52B5586E-A7C2-4391-985F-56F148904091}"
EndProject
Project("{FAE04EC0-301F-11D3-BF4B-00C04F79EFBC}") = "roman-converter", "src\roman-converter\roman-converter.csproj", "{5179E68E-1C9E-4FA5-98E8-B051CA5C6FBB}"
EndProject
Project("{2150E333-8FDC-42A3-9474-1A3956D46DE8}") = "test", "test", "{5C5C4A2F-ED7C-4BC6-A3BD-CACED69ED704}"
EndProject
Project("{FAE04EC0-301F-11D3-BF4B-00C04F79EFBC}") = "roman-convertertest", "test\roman-convertertest\roman-convertertest.csproj", "{9140E2FD-2C33-487B-84B6-567E9565AC43}"
EndProject
Global
	GlobalSection(SolutionConfigurationPlatforms) = preSolution
		Debug|Any CPU = Debug|Any CPU
		Debug|x64 = Debug|x64
		Debug|x86 = Debug|x86
		Release|Any CPU = Release|Any CPU
		Release|x64 = Release|x64
		Release|x86 = Release|x86
	EndGlobalSection
	GlobalSection(SolutionProperties) = preSolution
		HideSolutionNode = FALSE
	EndGlobalSection
	GlobalSection(ProjectConfigurationPlatforms) = postSolution
		{5179E68E-1C9E-4FA5-98E8-B051CA5C6FBB}.Debug|Any CPU.ActiveCfg = Debug|Any CPU
		{5179E68E-1C9E-4FA5-98E8-B051CA5C6FBB}.Debug|Any CPU.Build.0 = Debug|Any CPU
		{5179E68E-1C9E-4FA5-98E8-B051CA5C6FBB}.Debug|x64.ActiveCfg = Debug|Any CPU
		{5179E68E-1C9E-4FA5-98E8-B051CA5C6FBB}.Debug|x64.Build.0 = Debug|Any CPU
		{5179E68E-1C9E-4FA5-98E8-B051CA5C6FBB}.Debug|x86.ActiveCfg = Debug|Any CPU
		{5179E68E-1C9E-4FA5-98E8-B051CA5C6FBB}.Debug|x86.Build.0 = Debug|Any CPU
		{5179E68E-1C9E-4FA5-98E8-B051CA5C6FBB}.Release|Any CPU.ActiveCfg = Release|Any CPU
		{5179E68E-1C9E-4FA5-98E8-B051CA5C6FBB}.Release|Any CPU.Build.0 = Release|Any CPU
		{5179E68E-1C9E-4FA5-98E8-B051CA5C6FBB}.Release|x64.ActiveCfg = Release|Any CPU
		{5179E68E-1C9E-4FA5-98E8-B051CA5C6FBB}.Release|x64.Build.0 = Release|Any CPU
		{5179E68E-1C9E-4FA5-98E8-B051CA5C6FBB}.Release|x86.ActiveCfg = Release|Any CPU
		{5179E68E-1C9E-4FA5-98E8-B051CA5C6FBB}.Release|x86.Build.0 = Release|Any CPU
		{9140E2FD-2C33-487B-84B6-567E9565AC43}.Debug|Any CPU.ActiveCfg = Debug|Any CPU
		{9140E2FD-2C33-487B-84B6-567E9565AC43}.Debug|Any CPU.Build.0 = Debug|Any CPU
		{9140E2FD-2C33-487B-84B6-567E9565AC43}.Debug|x64.ActiveCfg = Debug|Any CPU
		{9140E2FD-2C33-487B-84B6-567E9565AC43}.Debug|x64.Build.0 = Debug|Any CPU
		{9140E2FD-2C33-487B-84B6-567E9565AC43}.Debug|x86.ActiveCfg = Debug|Any CPU
		{9140E2FD-2C33-487B-84B6-567E9565AC43}.Debug|x86.Build.0 = Debug|Any CPU
		{9140E2FD-2C33-487B-84B6-567E9565AC43}.Release|Any CPU.ActiveCfg = Release|Any CPU
		{9140E2FD-2C33-487B-84B6-567E9565AC43}.Release|Any CPU.Build.0 = Release|Any CPU
		{9140E2FD-2C33-487B-84B6-567E9565AC43}.Release|x64.ActiveCfg = Release|Any CPU
		{9140E2FD-2C33-487B-84B6-567E9565AC43}.Release|x64.Build.0 = Release|Any CPU
		{9140E2FD-2C33-487B-84B6-567E9565AC43}.Release|x86.ActiveCfg = Release|Any CPU
		{9140E2FD-2C33-487B-84B6-567E9565AC43}.Release|x86.Build.0 = Release|Any CPU
	EndGlobalSection
	GlobalSection(NestedProjects) = preSolution
		{5179E68E-1C9E-4FA5-98E8-B051CA5C6FBB} = {52B5586E-A7C2-4391-985F-56F148904091}
		{9140E2FD-2C33-487B-84B6-567E9565AC43} = {5C5C4A2F-ED7C-4BC6-A3BD-CACED69ED704}
	EndGlobalSection
EndGlobal
